PODS:
  - Masonry (1.1.0)
  - YUFlowLayoutView (0.0.1):
    - Masonry

DEPENDENCIES:
  - YUFlowLayoutView (from `../`)

SPEC REPOS:
  https://github.com/CocoaPods/Specs.git:
    - Masonry

EXTERNAL SOURCES:
  YUFlowLayoutView:
    :path: "../"

SPEC CHECKSUMS:
  Masonry: 678fab65091a9290e40e2832a55e7ab731aad201
  YUFlowLayoutView: 3ae00eda9a1dc32fedede44749f2dad2bbafd26b

PODFILE CHECKSUM: 79d4f94737982a384e2e85f1dda871f25753b877

COCOAPODS: 1.8.4
